{
  "name": "slot-machine",
  "version": "1.0.0",
  "lockfileVersion": 1,
  "requires": true,
  "dependencies": {
    "@pixi/filter-adjustment": {
      "version": "5.1.1",
      "resolved": "https://registry.npmjs.org/@pixi/filter-adjustment/-/filter-adjustment-5.1.1.tgz",
      "integrity": "sha512-AUHe03rmqXwV1ylAHq62t19AolPWOOYomCcL+Qycb1tf+LbM8FWpGXC6wmU1PkUrhgNc958uM9TrA9nRpplViA=="
    },
    "@pixi/filter-advanced-bloom": {
      "version": "5.1.1",
      "resolved": "https://registry.npmjs.org/@pixi/filter-advanced-bloom/-/filter-advanced-bloom-5.1.1.tgz",
      "integrity": "sha512-C5AWmkWKvoYvJ+600qS7rC81E1X1clvrQLw4QE4IiFec5j1b07KhKE78w/BSRYMrBVa0cQ/ju0J1f7XoQYJfdQ==",
      "requires": {
        "@pixi/filter-kawase-blur": "5.1.1"
      }
    },
    "@pixi/filter-ascii": {
      "version": "5.1.1",
      "resolved": "https://registry.npmjs.org/@pixi/filter-ascii/-/filter-ascii-5.1.1.tgz",
      "integrity": "sha512-uGfpd7aYZuiEzkBH8asL/2j7L/7k/jCZRURjAU9c0unWlkagwIjvUwoPMsdzPNMh2DNQzCG1FPWseSbRFjUNow=="
    },
    "@pixi/filter-bevel": {
      "version": "5.1.1",
      "resolved": "https://registry.npmjs.org/@pixi/filter-bevel/-/filter-bevel-5.1.1.tgz",
      "integrity": "sha512-UGik6YEW+fnzVu1DV8ctbxS7eClJQzqaM2sPYI0MopaEE2mW35yjAcg9py9Kwx27BX8FniVRqtJOyKEw1A3mBA=="
    },
    "@pixi/filter-bloom": {
      "version": "5.1.1",
      "resolved": "https://registry.npmjs.org/@pixi/filter-bloom/-/filter-bloom-5.1.1.tgz",
      "integrity": "sha512-4/i+tMxAQdgezahxsVCqzkAyBAH4TxtuY/zo1wuCJybEqkKFIzOJ76Y4R/lJevEHS9CGpCTrvjRpup0Hze8k0Q=="
    },
    "@pixi/filter-bulge-pinch": {
      "version": "5.1.1",
      "resolved": "https://registry.npmjs.org/@pixi/filter-bulge-pinch/-/filter-bulge-pinch-5.1.1.tgz",
      "integrity": "sha512-80I3g813td7Fnzi7IJSiR3z8gZlKblk6WN+5z6WnscQROcNEpck6lgWS/Lf/IdeHB/FtUKJCbx7RzxkUhiRTvA=="
    },
    "@pixi/filter-color-gradient": {
      "version": "5.2.0",
      "resolved": "https://registry.npmjs.org/@pixi/filter-color-gradient/-/filter-color-gradient-5.2.0.tgz",
      "integrity": "sha512-po3JBEKgfowqhAh2D75Ii1bhNl1gA8Agt+ESIMnSbrTVIkemno8zOVlVmP7xaf8+PKYnX7JWH5buTnnDfA7Hnw=="
    },
    "@pixi/filter-color-map": {
      "version": "5.1.1",
      "resolved": "https://registry.npmjs.org/@pixi/filter-color-map/-/filter-color-map-5.1.1.tgz",
      "integrity": "sha512-WvDKvweXkg/t9t40thFlN1d/kUrWXGsxpRpFPNmkrZF6hNxdRjqgfg4wxUOev7uZwHIjcZtTfoLRKhJjF+1uqw=="
    },
    "@pixi/filter-color-overlay": {
      "version": "5.1.1",
      "resolved": "https://registry.npmjs.org/@pixi/filter-color-overlay/-/filter-color-overlay-5.1.1.tgz",
      "integrity": "sha512-u8xuWsUePQ1NFBqpxDAFEujW4kImFIIvlp4D2xbRZqJ0RRbeeKEW31Sk4cxl1yFJKWIq0XLyT/TAepT9iIlEXg=="
    },
    "@pixi/filter-color-replace": {
      "version": "5.1.1",
      "resolved": "https://registry.npmjs.org/@pixi/filter-color-replace/-/filter-color-replace-5.1.1.tgz",
      "integrity": "sha512-t+FEEnuqvlU1cKMSe8939tIGCNJsqpyc7o5BzIunMxsZsHjMQWzZtWQKls+FSdSlFyk2TWYSXWAxtj2VBzBZBg=="
    },
    "@pixi/filter-convolution": {
      "version": "5.1.1",
      "resolved": "https://registry.npmjs.org/@pixi/filter-convolution/-/filter-convolution-5.1.1.tgz",
      "integrity": "sha512-68NNa7lXBFlRgP/ac/L/0bKk/9QvU8urh7CEeOnR9WJxjymglbAa0nM69TBlhg++Fus3t7Mz/jc/GIfPJ/VL6Q=="
    },
    "@pixi/filter-cross-hatch": {
      "version": "5.1.1",
      "resolved": "https://registry.npmjs.org/@pixi/filter-cross-hatch/-/filter-cross-hatch-5.1.1.tgz",
      "integrity": "sha512-g1hPHZYmGBpZtGojOtUOBWH6tqhtQGDo5xAp3o3gwmn2QnY087ZiYWFHF5ml+nTL62fEJ78uIpODscz4Y04e8w=="
    },
    "@pixi/filter-crt": {
      "version": "5.1.1",
      "resolved": "https://registry.npmjs.org/@pixi/filter-crt/-/filter-crt-5.1.1.tgz",
      "integrity": "sha512-w+rRbR7eTsPf18QPB68Wiyx8laC+v7fYb3hRVhnq/j6yRUJKQgg4HK5KLP9jfUJ9FJvxy4bzLSDQulvxbOMJZg=="
    },
    "@pixi/filter-dot": {
      "version": "5.1.1",
      "resolved": "https://registry.npmjs.org/@pixi/filter-dot/-/filter-dot-5.1.1.tgz",
      "integrity": "sha512-w3g6bumHzZgv9ktzegEWQS7OWuHH0QG76sbg/hZBy5K01dyuGAe1uUUnzVN5hZuFTD6q77T2UPlifhNI5j4ixg=="
    },
    "@pixi/filter-drop-shadow": {
      "version": "5.2.0",
      "resolved": "https://registry.npmjs.org/@pixi/filter-drop-shadow/-/filter-drop-shadow-5.2.0.tgz",
      "integrity": "sha512-cYS2KDER7cwCu0V4VNSxTHGvzmNcEXdC9j3031YBOkUAE3+p17LMS/TAt6XeMfJV7KaPuusvXy2NFgGkv3RDbw==",
      "requires": {
        "@pixi/filter-kawase-blur": "5.1.1"
      }
    },
    "@pixi/filter-emboss": {
      "version": "5.1.1",
      "resolved": "https://registry.npmjs.org/@pixi/filter-emboss/-/filter-emboss-5.1.1.tgz",
      "integrity": "sha512-AoAFVzrMcCXldU+27hvJ95tcKNOVLnanlq1z838l2SzYGgso+ICbLauUz+o2PL/znudUJE6oky+I6WJzeavDsQ=="
    },
    "@pixi/filter-glitch": {
      "version": "5.1.1",
      "resolved": "https://registry.npmjs.org/@pixi/filter-glitch/-/filter-glitch-5.1.1.tgz",
      "integrity": "sha512-pl6jOQlzQGg6NwqCwlgioYhlwue2OSRBGByDzh6Y6Y/qxMBuzQi7W56GunhQW79Kpvj9ynDLAGxomvZsrX88qg=="
    },
    "@pixi/filter-glow": {
      "version": "5.2.1",
      "resolved": "https://registry.npmjs.org/@pixi/filter-glow/-/filter-glow-5.2.1.tgz",
      "integrity": "sha512-94I4XePDF9yqqA6KQuhPSphEHPJ2lXfqJLn0Bes8VVdwft0Ianj1wALqjoSUeBWqiJbhjBEXGDNkRZhPHvY3Xg=="
    },
    "@pixi/filter-godray": {
      "version": "5.1.1",
      "resolved": "https://registry.npmjs.org/@pixi/filter-godray/-/filter-godray-5.1.1.tgz",
      "integrity": "sha512-JCvNiKBF/01VyaBYzeusULg+h6kmBaYg0NruHwe/FaJMWCRIPOUBHMQIUavJR0JGE5s6bEIR8kRtdpf3RHiwqw=="
    },
    "@pixi/filter-grayscale": {
      "version": "5.1.1",
      "resolved": "https://registry.npmjs.org/@pixi/filter-grayscale/-/filter-grayscale-5.1.1.tgz",
      "integrity": "sha512-tRyggOhTdAQlQpgH/IzjCbORICua/Gm0JkKGOcdDQOHqt4bTVvAehQ59e2+A6A1yA8pevu2L/C25qQhsPgNW9w=="
    },
    "@pixi/filter-hsl-adjustment": {
      "version": "5.2.0",
      "resolved": "https://registry.npmjs.org/@pixi/filter-hsl-adjustment/-/filter-hsl-adjustment-5.2.0.tgz",
      "integrity": "sha512-BjmiKIJQuWNqMUjVUpqkM+HaInQzl7dCvYWj8wx9lSAwjzdOCRVVLbRLdO2TwGdwGIHjR3AylMxY1HZK3P4cLA=="
    },
    "@pixi/filter-kawase-blur": {
      "version": "5.1.1",
      "resolved": "https://registry.npmjs.org/@pixi/filter-kawase-blur/-/filter-kawase-blur-5.1.1.tgz",
      "integrity": "sha512-nPnJ1ChBFP+4pgFCwC0RJgHAJCetiHcQU3INH7zCdq88cFABmVmhN+wCKRNg4H7lF1EJjaXgFDkTrTreOD/bnw=="
    },
    "@pixi/filter-motion-blur": {
      "version": "5.1.1",
      "resolved": "https://registry.npmjs.org/@pixi/filter-motion-blur/-/filter-motion-blur-5.1.1.tgz",
      "integrity": "sha512-I94s3pW2GutjCyXiKQ/dI4Vl9JKne+Q8QgGRn1mrk0Uwg6DDO/OQI3jqv01S+SCTU3LZqhR/p8AQyxeDmOhr2w=="
    },
    "@pixi/filter-multi-color-replace": {
      "version": "5.1.1",
      "resolved": "https://registry.npmjs.org/@pixi/filter-multi-color-replace/-/filter-multi-color-replace-5.1.1.tgz",
      "integrity": "sha512-P1shsJXEOpJGe9FdCUgCMi/nius86lBfb6cDIFM4oXdZfzuBUfWjZfUm7uofOvK7IWSrlXYrYoqp75H0XrLZ8A=="
    },
    "@pixi/filter-old-film": {
      "version": "5.1.1",
      "resolved": "https://registry.npmjs.org/@pixi/filter-old-film/-/filter-old-film-5.1.1.tgz",
      "integrity": "sha512-Jgq3eLbcQW48o+YxLe8+T4vsQrvBnKrZAHS3cu3yc2aBLaiVIj8EfYP3vpOPjkQlZ7JVRZNdELpYA6KCR+abXw=="
    },
    "@pixi/filter-outline": {
      "version": "5.2.0",
      "resolved": "https://registry.npmjs.org/@pixi/filter-outline/-/filter-outline-5.2.0.tgz",
      "integrity": "sha512-xKfAouhZNKl6A0RvxT5i+2/ean7r16dE/QswwIkbWvr2hhHlp4p9U6XsqdgUERCDxK+IZibMAumbWs4DGxOUeQ=="
    },
    "@pixi/filter-pixelate": {
      "version": "5.1.1",
      "resolved": "https://registry.npmjs.org/@pixi/filter-pixelate/-/filter-pixelate-5.1.1.tgz",
      "integrity": "sha512-qTs0Sv10aIbMFW//BPlhcFh1ByyKiVmvXfytYTTXNLrlK5DU3H3x8Pgy5Vy4lacS9VtOO69/CQ1QObBFCHnEBQ=="
    },
    "@pixi/filter-radial-blur": {
      "version": "5.1.1",
      "resolved": "https://registry.npmjs.org/@pixi/filter-radial-blur/-/filter-radial-blur-5.1.1.tgz",
      "integrity": "sha512-q6RreUM+RO25HZaxc6ceEOSi6chadv8vrCOvupNLSY+1lvXue0KyFK6vxMcMInNdqRGYWSyJ+ql3RyHMTr93aw=="
    },
    "@pixi/filter-reflection": {
      "version": "5.1.1",
      "resolved": "https://registry.npmjs.org/@pixi/filter-reflection/-/filter-reflection-5.1.1.tgz",
      "integrity": "sha512-ksmfrRfBqXZ+rEFuA0l2tf4k+yzTU8VcNMuhW7U+ggkWOP2OEHga+oOlJg6TnHjOEbxudCpag5Us6e9aCeKpEw=="
    },
    "@pixi/filter-rgb-split": {
      "version": "5.1.1",
      "resolved": "https://registry.npmjs.org/@pixi/filter-rgb-split/-/filter-rgb-split-5.1.1.tgz",
      "integrity": "sha512-DEeAYoPU2lbUTeNYK8e6q89jqtLeUYSkEdFK/a9IyxYkvJP2CPk+nVXIe48v3wORUf5DdP20k6yQzqoPZyP3ww=="
    },
    "@pixi/filter-shockwave": {
      "version": "5.1.1",
      "resolved": "https://registry.npmjs.org/@pixi/filter-shockwave/-/filter-shockwave-5.1.1.tgz",
      "integrity": "sha512-ovzOdAC2LCyWdxJC5PW97wSzHTNfjmKq4c/61cIO4sZp+9DB6n3b/6Rrad2jU346UATtM6K2XkmPY5p7SrRRXA=="
    },
    "@pixi/filter-simple-lightmap": {
      "version": "5.1.1",
      "resolved": "https://registry.npmjs.org/@pixi/filter-simple-lightmap/-/filter-simple-lightmap-5.1.1.tgz",
      "integrity": "sha512-S3cHUgbVvUgeef93f3trdL50+162Nyqa7DBYufkGw0dPjPecXyjTH47GJzxDqQPooRwHWWUG9W5EYC+XEwlV9w=="
    },
    "@pixi/filter-tilt-shift": {
      "version": "5.2.0",
      "resolved": "https://registry.npmjs.org/@pixi/filter-tilt-shift/-/filter-tilt-shift-5.2.0.tgz",
      "integrity": "sha512-bCQE/BTGsqu8EhRMyiGg+9/FXsPBYxjfODbGTWWQNsXtbFVqZXvg1vEjUZQXvuso1v/Fh/BtZ3u+t2kFfWpBXA=="
    },
    "@pixi/filter-twist": {
      "version": "5.1.1",
      "resolved": "https://registry.npmjs.org/@pixi/filter-twist/-/filter-twist-5.1.1.tgz",
      "integrity": "sha512-ZUxLmSHu7ZcP1OYmO9EsKgWDV/Ophf622N7YVei4opBrj/gBMuQZNvFIfnsm4l8yhqAwwzndSTVLNehq1A2ONw=="
    },
    "@pixi/filter-zoom-blur": {
      "version": "5.1.1",
      "resolved": "https://registry.npmjs.org/@pixi/filter-zoom-blur/-/filter-zoom-blur-5.1.1.tgz",
      "integrity": "sha512-0n10xOqACC2vm9Lpsq37Y/edDvp/B7xsBdkuWxeCI7Ta7J22fsJ8IHG1iUyxgdZGa+SCPcKiFoTrYEUu5PLCpA=="
    },
    "pixi-filters": {
      "version": "5.2.1",
      "resolved": "https://registry.npmjs.org/pixi-filters/-/pixi-filters-5.2.1.tgz",
      "integrity": "sha512-lsRakKJfK0iH+aCCVePQcSb477hFiS20CR2p4u7xS6RO7q5qh5GhAyGqWdgYZlUT5WLSW0kxAV+FddYLs9z9Sg==",
      "requires": {
        "@pixi/filter-adjustment": "5.1.1",
        "@pixi/filter-advanced-bloom": "5.1.1",
        "@pixi/filter-ascii": "5.1.1",
        "@pixi/filter-bevel": "5.1.1",
        "@pixi/filter-bloom": "5.1.1",
        "@pixi/filter-bulge-pinch": "5.1.1",
        "@pixi/filter-color-gradient": "5.2.0",
        "@pixi/filter-color-map": "5.1.1",
        "@pixi/filter-color-overlay": "5.1.1",
        "@pixi/filter-color-replace": "5.1.1",
        "@pixi/filter-convolution": "5.1.1",
        "@pixi/filter-cross-hatch": "5.1.1",
        "@pixi/filter-crt": "5.1.1",
        "@pixi/filter-dot": "5.1.1",
        "@pixi/filter-drop-shadow": "5.2.0",
        "@pixi/filter-emboss": "5.1.1",
        "@pixi/filter-glitch": "5.1.1",
        "@pixi/filter-glow": "5.2.1",
        "@pixi/filter-godray": "5.1.1",
        "@pixi/filter-grayscale": "5.1.1",
        "@pixi/filter-hsl-adjustment": "5.2.0",
        "@pixi/filter-kawase-blur": "5.1.1",
        "@pixi/filter-motion-blur": "5.1.1",
        "@pixi/filter-multi-color-replace": "5.1.1",
        "@pixi/filter-old-film": "5.1.1",
        "@pixi/filter-outline": "5.2.0",
        "@pixi/filter-pixelate": "5.1.1",
        "@pixi/filter-radial-blur": "5.1.1",
        "@pixi/filter-reflection": "5.1.1",
        "@pixi/filter-rgb-split": "5.1.1",
        "@pixi/filter-shockwave": "5.1.1",
        "@pixi/filter-simple-lightmap": "5.1.1",
        "@pixi/filter-tilt-shift": "5.2.0",
        "@pixi/filter-twist": "5.1.1",
        "@pixi/filter-zoom-blur": "5.1.1"
      }
    }
  }
}
